
Microsoft Visual Studio Solution File, Format Version 12.00
# Visual Studio Version 17
VisualStudioVersion = 17.14.36203.30 d17.14
MinimumVisualStudioVersion = 10.0.40219.1
Project("{FAE04EC0-301F-11D3-BF4B-00C04F79EFBC}") = "lab2", "lab2.csproj", "{44623FFB-0993-42CB-BC01-9CA72178966A}"
EndProject
Global
	GlobalSection(SolutionConfigurationPlatforms) = preSolution
		Debug|Any CPU = Debug|Any CPU
		Release|Any CPU = Release|Any CPU
	EndGlobalSection
	GlobalSection(ProjectConfigurationPlatforms) = postSolution
		{44623FFB-0993-42CB-BC01-9CA72178966A}.Debug|Any CPU.ActiveCfg = Debug|Any CPU
		{44623FFB-0993-42CB-BC01-9CA72178966A}.Debug|Any CPU.Build.0 = Debug|Any CPU
		{44623FFB-0993-42CB-BC01-9CA72178966A}.Release|Any CPU.ActiveCfg = Release|Any CPU
		{44623FFB-0993-42CB-BC01-9CA72178966A}.Release|Any CPU.Build.0 = Release|Any CPU
	EndGlobalSection
	GlobalSection(SolutionProperties) = preSolution
		HideSolutionNode = FALSE
	EndGlobalSection
	GlobalSection(ExtensibilityGlobals) = postSolution
		SolutionGuid = {C3987080-222B-4B51-99F8-E496820456AE}
	EndGlobalSection
EndGlobal
